// !$*UTF8*$!
{
	archiveVersion = 1;
	classes = {
	};
	objectVersion = 54;
	objects = {

/* Begin PBXBuildFile section */
		E72F778B2E54D406003C7C81 /* SettingsView.swift in Sources */ = {isa = PBXBuildFile; fileRef = E72F778A2E54D406003C7C81 /* SettingsView.swift */; };
		E72F778C2E54D406003C7C81 /* SettingsView.swift in Sources */ = {isa = PBXBuildFile; fileRef = E72F778A2E54D406003C7C81 /* SettingsView.swift */; };
		E72F778E2E54D443003C7C81 /* TVnotomo_ch.swift in Sources */ = {isa = PBXBuildFile; fileRef = E72F778D2E54D443003C7C81 /* TVnotomo_ch.swift */; };
		E72F778F2E54D443003C7C81 /* TVnotomo_ch.swift in Sources */ = {isa = PBXBuildFile; fileRef = E72F778D2E54D443003C7C81 /* TVnotomo_ch.swift */; };
		E735563A2E544F91001AAB46 /* WiiClassicApp.swift in Sources */ = {isa = PBXBuildFile; fileRef = E73556272E544F8A001AAB46 /* WiiClassicApp.swift */; };
		E735563B2E544F91001AAB46 /* WiiClassicApp.swift in Sources */ = {isa = PBXBuildFile; fileRef = E73556272E544F8A001AAB46 /* WiiClassicApp.swift */; };
		E735563C2E544F91001AAB46 /* ContentView.swift in Sources */ = {isa = PBXBuildFile; fileRef = E73556282E544F8A001AAB46 /* ContentView.swift */; };
		E735563D2E544F91001AAB46 /* ContentView.swift in Sources */ = {isa = PBXBuildFile; fileRef = E73556282E544F8A001AAB46 /* ContentView.swift */; };
		E735563E2E544F91001AAB46 /* Assets.xcassets in Resources */ = {isa = PBXBuildFile; fileRef = E73556292E544F91001AAB46 /* Assets.xcassets */; };
		E735563F2E544F91001AAB46 /* Assets.xcassets in Resources */ = {isa = PBXBuildFile; fileRef = E73556292E544F91001AAB46 /* Assets.xcassets */; };
		E7647E322E91D5CC0001E1A1 /* WiiMessageBoardView.swift in Sources */ = {isa = PBXBuildFile; fileRef = E7647E312E91D5CC0001E1A1 /* WiiMessageBoardView.swift */; };
		E7647E332E91D5CC0001E1A1 /* WiiMessageBoardView.swift in Sources */ = {isa = PBXBuildFile; fileRef = E7647E312E91D5CC0001E1A1 /* WiiMessageBoardView.swift */; };
		E7665B462E56399D00AC2BB1 /* News_ch.swift in Sources */ = {isa = PBXBuildFile; fileRef = E7665B452E56399C00AC2BB1 /* News_ch.swift */; };
		E7665B472E56399D00AC2BB1 /* News_ch.swift in Sources */ = {isa = PBXBuildFile; fileRef = E7665B452E56399C00AC2BB1 /* News_ch.swift */; };
		E7665B4A2E56542900AC2BB1 /* WiiShop_ch.swift in Sources */ = {isa = PBXBuildFile; fileRef = E7665B492E56542900AC2BB1 /* WiiShop_ch.swift */; };
		E7665B4B2E56542900AC2BB1 /* WiiShop_ch.swift in Sources */ = {isa = PBXBuildFile; fileRef = E7665B492E56542900AC2BB1 /* WiiShop_ch.swift */; };
/* End PBXBuildFile section */

/* Begin PBXFileReference section */
		E72F778A2E54D406003C7C81 /* SettingsView.swift */ = {isa = PBXFileReference; lastKnownFileType = sourcecode.swift; path = SettingsView.swift; sourceTree = "<group>"; };
		E72F778D2E54D443003C7C81 /* TVnotomo_ch.swift */ = {isa = PBXFileReference; lastKnownFileType = sourcecode.swift; path = TVnotomo_ch.swift; sourceTree = "<group>"; };
		E73556272E544F8A001AAB46 /* WiiClassicApp.swift */ = {isa = PBXFileReference; lastKnownFileType = sourcecode.swift; path = WiiClassicApp.swift; sourceTree = "<group>"; };
		E73556282E544F8A001AAB46 /* ContentView.swift */ = {isa = PBXFileReference; lastKnownFileType = sourcecode.swift; path = ContentView.swift; sourceTree = "<group>"; };
		E73556292E544F91001AAB46 /* Assets.xcassets */ = {isa = PBXFileReference; lastKnownFileType = folder.assetcatalog; path = Assets.xcassets; sourceTree = "<group>"; };
		E735562E2E544F91001AAB46 /* WiiClassic.app */ = {isa = PBXFileReference; explicitFileType = wrapper.application; includeInIndex = 0; path = WiiClassic.app; sourceTree = BUILT_PRODUCTS_DIR; };
		E73556312E544F91001AAB46 /* Info.plist */ = {isa = PBXFileReference; lastKnownFileType = text.plist.xml; path = Info.plist; sourceTree = "<group>"; };
		E73556362E544F91001AAB46 /* WiiClassic.app */ = {isa = PBXFileReference; explicitFileType = wrapper.application; includeInIndex = 0; path = WiiClassic.app; sourceTree = BUILT_PRODUCTS_DIR; };
		E73556382E544F91001AAB46 /* Info.plist */ = {isa = PBXFileReference; lastKnownFileType = text.plist.xml; path = Info.plist; sourceTree = "<group>"; };
		E73556392E544F91001AAB46 /* macOS.entitlements */ = {isa = PBXFileReference; lastKnownFileType = text.plist.entitlements; path = macOS.entitlements; sourceTree = "<group>"; };
		E7647E312E91D5CC0001E1A1 /* WiiMessageBoardView.swift */ = {isa = PBXFileReference; lastKnownFileType = sourcecode.swift; path = WiiMessageBoardView.swift; sourceTree = "<group>"; };
		E7665B452E56399C00AC2BB1 /* News_ch.swift */ = {isa = PBXFileReference; lastKnownFileType = sourcecode.swift; path = News_ch.swift; sourceTree = "<group>"; };
		E7665B492E56542900AC2BB1 /* WiiShop_ch.swift */ = {isa = PBXFileReference; lastKnownFileType = sourcecode.swift; path = WiiShop_ch.swift; sourceTree = "<group>"; };
/* End PBXFileReference section */

/* Begin PBXFrameworksBuildPhase section */
		E735562B2E544F91001AAB46 /* Frameworks */ = {
			isa = PBXFrameworksBuildPhase;
			buildActionMask = 2147483647;
			files = (
			);
			runOnlyForDeploymentPostprocessing = 0;
		};
		E73556332E544F91001AAB46 /* Frameworks */ = {
			isa = PBXFrameworksBuildPhase;
			buildActionMask = 2147483647;
			files = (
			);
			runOnlyForDeploymentPostprocessing = 0;
		};
/* End PBXFrameworksBuildPhase section */

/* Begin PBXGroup section */
		E73556212E544F8A001AAB46 = {
			isa = PBXGroup;
			children = (
				E73556262E544F8A001AAB46 /* Shared */,
				E73556302E544F91001AAB46 /* iOS */,
				E73556372E544F91001AAB46 /* macOS */,
				E735562F2E544F91001AAB46 /* Products */,
			);
			sourceTree = "<group>";
		};
		E73556262E544F8A001AAB46 /* Shared */ = {
			isa = PBXGroup;
			children = (
				E73556272E544F8A001AAB46 /* WiiClassicApp.swift */,
				E7647E312E91D5CC0001E1A1 /* WiiMessageBoardView.swift */,
				E73556282E544F8A001AAB46 /* ContentView.swift */,
				E7665B492E56542900AC2BB1 /* WiiShop_ch.swift */,
				E72F778A2E54D406003C7C81 /* SettingsView.swift */,
				E7665B452E56399C00AC2BB1 /* News_ch.swift */,
				E72F778D2E54D443003C7C81 /* TVnotomo_ch.swift */,
				E73556292E544F91001AAB46 /* Assets.xcassets */,
			);
			path = Shared;
			sourceTree = "<group>";
		};
		E735562F2E544F91001AAB46 /* Products */ = {
			isa = PBXGroup;
			children = (
				E735562E2E544F91001AAB46 /* WiiClassic.app */,
				E73556362E544F91001AAB46 /* WiiClassic.app */,
			);
			name = Products;
			sourceTree = "<group>";
		};
		E73556302E544F91001AAB46 /* iOS */ = {
			isa = PBXGroup;
			children = (
				E73556312E544F91001AAB46 /* Info.plist */,
			);
			path = iOS;
			sourceTree = "<group>";
		};
		E73556372E544F91001AAB46 /* macOS */ = {
			isa = PBXGroup;
			children = (
				E73556382E544F91001AAB46 /* Info.plist */,
				E73556392E544F91001AAB46 /* macOS.entitlements */,
			);
			path = macOS;
			sourceTree = "<group>";
		};
/* End PBXGroup section */

/* Begin PBXNativeTarget section */
		E735562D2E544F91001AAB46 /* WiiClassic (iOS) */ = {
			isa = PBXNativeTarget;
			buildConfigurationList = E73556422E544F91001AAB46 /* Build configuration list for PBXNativeTarget "WiiClassic (iOS)" */;
			buildPhases = (
				E735562A2E544F91001AAB46 /* Sources */,
				E735562B2E544F91001AAB46 /* Frameworks */,
				E735562C2E544F91001AAB46 /* Resources */,
			);
			buildRules = (
			);
			dependencies = (
			);
			name = "WiiClassic (iOS)";
			productName = "WiiClassic (iOS)";
			productReference = E735562E2E544F91001AAB46 /* WiiClassic.app */;
			productType = "com.apple.product-type.application";
		};
		E73556352E544F91001AAB46 /* WiiClassic (macOS) */ = {
			isa = PBXNativeTarget;
			buildConfigurationList = E73556452E544F91001AAB46 /* Build configuration list for PBXNativeTarget "WiiClassic (macOS)" */;
			buildPhases = (
				E73556322E544F91001AAB46 /* Sources */,
				E73556332E544F91001AAB46 /* Frameworks */,
				E73556342E544F91001AAB46 /* Resources */,
			);
			buildRules = (
			);
			dependencies = (
			);
			name = "WiiClassic (macOS)";
			productName = "WiiClassic (macOS)";
			productReference = E73556362E544F91001AAB46 /* WiiClassic.app */;
			productType = "com.apple.product-type.application";
		};
/* End PBXNativeTarget section */

/* Begin PBXProject section */
		E73556222E544F8A001AAB46 /* Project object */ = {
			isa = PBXProject;
			attributes = {
				LastSwiftUpdateCheck = 1250;
				LastUpgradeCheck = 1250;
				TargetAttributes = {
					E735562D2E544F91001AAB46 = {
						CreatedOnToolsVersion = 12.5.1;
					};
					E73556352E544F91001AAB46 = {
						CreatedOnToolsVersion = 12.5.1;
					};
				};
			};
			buildConfigurationList = E73556252E544F8A001AAB46 /* Build configuration list for PBXProject "WiiClassic" */;
			compatibilityVersion = "Xcode 12.0";
			developmentRegion = en;
			hasScannedForEncodings = 0;
			knownRegions = (
				en,
				Base,
			);
			mainGroup = E73556212E544F8A001AAB46;
			productRefGroup = E735562F2E544F91001AAB46 /* Products */;
			projectDirPath = "";
			projectRoot = "";
			targets = (
				E735562D2E544F91001AAB46 /* WiiClassic (iOS) */,
				E73556352E544F91001AAB46 /* WiiClassic (macOS) */,
			);
		};
/* End PBXProject section */

/* Begin PBXResourcesBuildPhase section */
		E735562C2E544F91001AAB46 /* Resources */ = {
			isa = PBXResourcesBuildPhase;
			buildActionMask = 2147483647;
			files = (
				E735563E2E544F91001AAB46 /* Assets.xcassets in Resources */,
			);
			runOnlyForDeploymentPostprocessing = 0;
		};
		E73556342E544F91001AAB46 /* Resources */ = {
			isa = PBXResourcesBuildPhase;
			buildActionMask = 2147483647;
			files = (
				E735563F2E544F91001AAB46 /* Assets.xcassets in Resources */,
			);
			runOnlyForDeploymentPostprocessing = 0;
		};
/* End PBXResourcesBuildPhase section */

/* Begin PBXSourcesBuildPhase section */
		E735562A2E544F91001AAB46 /* Sources */ = {
			isa = PBXSourcesBuildPhase;
			buildActionMask = 2147483647;
			files = (
				E72F778E2E54D443003C7C81 /* TVnotomo_ch.swift in Sources */,
				E72F778B2E54D406003C7C81 /* SettingsView.swift in Sources */,
				E735563C2E544F91001AAB46 /* ContentView.swift in Sources */,
				E7665B462E56399D00AC2BB1 /* News_ch.swift in Sources */,
				E7665B4A2E56542900AC2BB1 /* WiiShop_ch.swift in Sources */,
				E7647E322E91D5CC0001E1A1 /* WiiMessageBoardView.swift in Sources */,
				E735563A2E544F91001AAB46 /* WiiClassicApp.swift in Sources */,
			);
			runOnlyForDeploymentPostprocessing = 0;
		};
		E73556322E544F91001AAB46 /* Sources */ = {
			isa = PBXSourcesBuildPhase;
			buildActionMask = 2147483647;
			files = (
				E72F778F2E54D443003C7C81 /* TVnotomo_ch.swift in Sources */,
				E72F778C2E54D406003C7C81 /* SettingsView.swift in Sources */,
				E735563D2E544F91001AAB46 /* ContentView.swift in Sources */,
				E7665B472E56399D00AC2BB1 /* News_ch.swift in Sources */,
				E7665B4B2E56542900AC2BB1 /* WiiShop_ch.swift in Sources */,
				E7647E332E91D5CC0001E1A1 /* WiiMessageBoardView.swift in Sources */,
				E735563B2E544F91001AAB46 /* WiiClassicApp.swift in Sources */,
			);
			runOnlyForDeploymentPostprocessing = 0;
		};
/* End PBXSourcesBuildPhase section */

/* Begin XCBuildConfiguration section */
		E73556402E544F91001AAB46 /* Debug */ = {
			isa = XCBuildConfiguration;
			buildSettings = {
				ALWAYS_SEARCH_USER_PATHS = NO;
				CLANG_ANALYZER_NONNULL = YES;
				CLANG_ANALYZER_NUMBER_OBJECT_CONVERSION = YES_AGGRESSIVE;
				CLANG_CXX_LANGUAGE_STANDARD = "gnu++14";
				CLANG_CXX_LIBRARY = "libc++";
				CLANG_ENABLE_MODULES = YES;
				CLANG_ENABLE_OBJC_ARC = YES;
				CLANG_ENABLE_OBJC_WEAK = YES;
				CLANG_WARN_BLOCK_CAPTURE_AUTORELEASING = YES;
				CLANG_WARN_BOOL_CONVERSION = YES;
				CLANG_WARN_COMMA = YES;
				CLANG_WARN_CONSTANT_CONVERSION = YES;
				CLANG_WARN_DEPRECATED_OBJC_IMPLEMENTATIONS = YES;
				CLANG_WARN_DIRECT_OBJC_ISA_USAGE = YES_ERROR;
				CLANG_WARN_DOCUMENTATION_COMMENTS = YES;
				CLANG_WARN_EMPTY_BODY = YES;
				CLANG_WARN_ENUM_CONVERSION = YES;
				CLANG_WARN_INFINITE_RECURSION = YES;
				CLANG_WARN_INT_CONVERSION = YES;
				CLANG_WARN_NON_LITERAL_NULL_CONVERSION = YES;
				CLANG_WARN_OBJC_IMPLICIT_RETAIN_SELF = YES;
				CLANG_WARN_OBJC_LITERAL_CONVERSION = YES;
				CLANG_WARN_OBJC_ROOT_CLASS = YES_ERROR;
				CLANG_WARN_QUOTED_INCLUDE_IN_FRAMEWORK_HEADER = YES;
				CLANG_WARN_RANGE_LOOP_ANALYSIS = YES;
				CLANG_WARN_STRICT_PROTOTYPES = YES;
				CLANG_WARN_SUSPICIOUS_MOVE = YES;
				CLANG_WARN_UNGUARDED_AVAILABILITY = YES_AGGRESSIVE;
				CLANG_WARN_UNREACHABLE_CODE = YES;
				CLANG_WARN__DUPLICATE_METHOD_MATCH = YES;
				COPY_PHASE_STRIP = NO;
				DEBUG_INFORMATION_FORMAT = dwarf;
				ENABLE_STRICT_OBJC_MSGSEND = YES;
				ENABLE_TESTABILITY = YES;
				GCC_C_LANGUAGE_STANDARD = gnu11;
				GCC_DYNAMIC_NO_PIC = NO;
				GCC_NO_COMMON_BLOCKS = YES;
				GCC_OPTIMIZATION_LEVEL = 0;
				GCC_PREPROCESSOR_DEFINITIONS = (
					"DEBUG=1",
					"$(inherited)",
				);
				GCC_WARN_64_TO_32_BIT_CONVERSION = YES;
				GCC_WARN_ABOUT_RETURN_TYPE = YES_ERROR;
				GCC_WARN_UNDECLARED_SELECTOR = YES;
				GCC_WARN_UNINITIALIZED_AUTOS = YES_AGGRESSIVE;
				GCC_WARN_UNUSED_FUNCTION = YES;
				GCC_WARN_UNUSED_VARIABLE = YES;
				MTL_ENABLE_DEBUG_INFO = INCLUDE_SOURCE;
				MTL_FAST_MATH = YES;
				ONLY_ACTIVE_ARCH = YES;
				SWIFT_ACTIVE_COMPILATION_CONDITIONS = DEBUG;
				SWIFT_OPTIMIZATION_LEVEL = "-Onone";
			};
			name = Debug;
		};
		E73556412E544F91001AAB46 /* Release */ = {
			isa = XCBuildConfiguration;
			buildSettings = {
				ALWAYS_SEARCH_USER_PATHS = NO;
				CLANG_ANALYZER_NONNULL = YES;
				CLANG_ANALYZER_NUMBER_OBJECT_CONVERSION = YES_AGGRESSIVE;
				CLANG_CXX_LANGUAGE_STANDARD = "gnu++14";
				CLANG_CXX_LIBRARY = "libc++";
				CLANG_ENABLE_MODULES = YES;
				CLANG_ENABLE_OBJC_ARC = YES;
				CLANG_ENABLE_OBJC_WEAK = YES;
				CLANG_WARN_BLOCK_CAPTURE_AUTORELEASING = YES;
				CLANG_WARN_BOOL_CONVERSION = YES;
				CLANG_WARN_COMMA = YES;
				CLANG_WARN_CONSTANT_CONVERSION = YES;
				CLANG_WARN_DEPRECATED_OBJC_IMPLEMENTATIONS = YES;
				CLANG_WARN_DIRECT_OBJC_ISA_USAGE = YES_ERROR;
				CLANG_WARN_DOCUMENTATION_COMMENTS = YES;
				CLANG_WARN_EMPTY_BODY = YES;
				CLANG_WARN_ENUM_CONVERSION = YES;
				CLANG_WARN_INFINITE_RECURSION = YES;
				CLANG_WARN_INT_CONVERSION = YES;
				CLANG_WARN_NON_LITERAL_NULL_CONVERSION = YES;
				CLANG_WARN_OBJC_IMPLICIT_RETAIN_SELF = YES;
				CLANG_WARN_OBJC_LITERAL_CONVERSION = YES;
				CLANG_WARN_OBJC_ROOT_CLASS = YES_ERROR;
				CLANG_WARN_QUOTED_INCLUDE_IN_FRAMEWORK_HEADER = YES;
				CLANG_WARN_RANGE_LOOP_ANALYSIS = YES;
				CLANG_WARN_STRICT_PROTOTYPES = YES;
				CLANG_WARN_SUSPICIOUS_MOVE = YES;
				CLANG_WARN_UNGUARDED_AVAILABILITY = YES_AGGRESSIVE;
				CLANG_WARN_UNREACHABLE_CODE = YES;
				CLANG_WARN__DUPLICATE_METHOD_MATCH = YES;
				COPY_PHASE_STRIP = NO;
				DEBUG_INFORMATION_FORMAT = "dwarf-with-dsym";
				ENABLE_NS_ASSERTIONS = NO;
				ENABLE_STRICT_OBJC_MSGSEND = YES;
				GCC_C_LANGUAGE_STANDARD = gnu11;
				GCC_NO_COMMON_BLOCKS = YES;
				GCC_WARN_64_TO_32_BIT_CONVERSION = YES;
				GCC_WARN_ABOUT_RETURN_TYPE = YES_ERROR;
				GCC_WARN_UNDECLARED_SELECTOR = YES;
				GCC_WARN_UNINITIALIZED_AUTOS = YES_AGGRESSIVE;
				GCC_WARN_UNUSED_FUNCTION = YES;
				GCC_WARN_UNUSED_VARIABLE = YES;
				MTL_ENABLE_DEBUG_INFO = NO;
				MTL_FAST_MATH = YES;
				SWIFT_COMPILATION_MODE = wholemodule;
				SWIFT_OPTIMIZATION_LEVEL = "-O";
			};
			name = Release;
		};
		E73556432E544F91001AAB46 /* Debug */ = {
			isa = XCBuildConfiguration;
			buildSettings = {
				ASSETCATALOG_COMPILER_APPICON_NAME = AppIcon;
				ASSETCATALOG_COMPILER_GLOBAL_ACCENT_COLOR_NAME = AccentColor;
				CODE_SIGN_STYLE = Automatic;
				ENABLE_PREVIEWS = YES;
				INFOPLIST_FILE = iOS/Info.plist;
				IPHONEOS_DEPLOYMENT_TARGET = 14.5;
				LD_RUNPATH_SEARCH_PATHS = (
					"$(inherited)",
					"@executable_path/Frameworks",
				);
				PRODUCT_BUNDLE_IDENTIFIER = com.KokiAndo.WiiClassic;
				PRODUCT_NAME = WiiClassic;
				SDKROOT = iphoneos;
				SWIFT_VERSION = 5.0;
				TARGETED_DEVICE_FAMILY = "1,2";
			};
			name = Debug;
		};
		E73556442E544F91001AAB46 /* Release */ = {
			isa = XCBuildConfiguration;
			buildSettings = {
				ASSETCATALOG_COMPILER_APPICON_NAME = AppIcon;
				ASSETCATALOG_COMPILER_GLOBAL_ACCENT_COLOR_NAME = AccentColor;
				CODE_SIGN_STYLE = Automatic;
				ENABLE_PREVIEWS = YES;
				INFOPLIST_FILE = iOS/Info.plist;
				IPHONEOS_DEPLOYMENT_TARGET = 14.5;
				LD_RUNPATH_SEARCH_PATHS = (
					"$(inherited)",
					"@executable_path/Frameworks",
				);
				PRODUCT_BUNDLE_IDENTIFIER = com.KokiAndo.WiiClassic;
				PRODUCT_NAME = WiiClassic;
				SDKROOT = iphoneos;
				SWIFT_VERSION = 5.0;
				TARGETED_DEVICE_FAMILY = "1,2";
				VALIDATE_PRODUCT = YES;
			};
			name = Release;
		};
		E73556462E544F91001AAB46 /* Debug */ = {
			isa = XCBuildConfiguration;
			buildSettings = {
				ASSETCATALOG_COMPILER_APPICON_NAME = AppIcon;
				ASSETCATALOG_COMPILER_GLOBAL_ACCENT_COLOR_NAME = AccentColor;
				CODE_SIGN_ENTITLEMENTS = macOS/macOS.entitlements;
				CODE_SIGN_STYLE = Automatic;
				COMBINE_HIDPI_IMAGES = YES;
				ENABLE_PREVIEWS = YES;
				INFOPLIST_FILE = macOS/Info.plist;
				LD_RUNPATH_SEARCH_PATHS = (
					"$(inherited)",
					"@executable_path/../Frameworks",
				);
				MACOSX_DEPLOYMENT_TARGET = 11.0;
				PRODUCT_BUNDLE_IDENTIFIER = com.KokiAndo.WiiClassic;
				PRODUCT_NAME = WiiClassic;
				SDKROOT = macosx;
				SWIFT_VERSION = 5.0;
			};
			name = Debug;
		};
		E73556472E544F91001AAB46 /* Release */ = {
			isa = XCBuildConfiguration;
			buildSettings = {
				ASSETCATALOG_COMPILER_APPICON_NAME = AppIcon;
				ASSETCATALOG_COMPILER_GLOBAL_ACCENT_COLOR_NAME = AccentColor;
				CODE_SIGN_ENTITLEMENTS = macOS/macOS.entitlements;
				CODE_SIGN_STYLE = Automatic;
				COMBINE_HIDPI_IMAGES = YES;
				ENABLE_PREVIEWS = YES;
				INFOPLIST_FILE = macOS/Info.plist;
				LD_RUNPATH_SEARCH_PATHS = (
					"$(inherited)",
					"@executable_path/../Frameworks",
				);
				MACOSX_DEPLOYMENT_TARGET = 11.0;
				PRODUCT_BUNDLE_IDENTIFIER = com.KokiAndo.WiiClassic;
				PRODUCT_NAME = WiiClassic;
				SDKROOT = macosx;
				SWIFT_VERSION = 5.0;
			};
			name = Release;
		};
/* End XCBuildConfiguration section */

/* Begin XCConfigurationList section */
		E73556252E544F8A001AAB46 /* Build configuration list for PBXProject "WiiClassic" */ = {
			isa = XCConfigurationList;
			buildConfigurations = (
				E73556402E544F91001AAB46 /* Debug */,
				E73556412E544F91001AAB46 /* Release */,
			);
			defaultConfigurationIsVisible = 0;
			defaultConfigurationName = Release;
		};
		E73556422E544F91001AAB46 /* Build configuration list for PBXNativeTarget "WiiClassic (iOS)" */ = {
			isa = XCConfigurationList;
			buildConfigurations = (
				E73556432E544F91001AAB46 /* Debug */,
				E73556442E544F91001AAB46 /* Release */,
			);
			defaultConfigurationIsVisible = 0;
			defaultConfigurationName = Release;
		};
		E73556452E544F91001AAB46 /* Build configuration list for PBXNativeTarget "WiiClassic (macOS)" */ = {
			isa = XCConfigurationList;
			buildConfigurations = (
				E73556462E544F91001AAB46 /* Debug */,
				E73556472E544F91001AAB46 /* Release */,
			);
			defaultConfigurationIsVisible = 0;
			defaultConfigurationName = Release;
		};
/* End XCConfigurationList section */
	};
	rootObject = E73556222E544F8A001AAB46 /* Project object */;
}
